
Microsoft Visual Studio Solution File, Format Version 12.00
# Visual Studio Version 17
VisualStudioVersion = 17.2.32616.157
MinimumVisualStudioVersion = 10.0.40219.1
Project("{FAE04EC0-301F-11D3-BF4B-00C04F79EFBC}") = "GradosRadianes", "GradosRadianes\GradosRadianes.csproj", "{1AB1521D-07E5-4CCC-A7C9-03A661739C5F}"
EndProject
Global
	GlobalSection(SolutionConfigurationPlatforms) = preSolution
		Debug|Any CPU = Debug|Any CPU
		Release|Any CPU = Release|Any CPU
	EndGlobalSection
	GlobalSection(ProjectConfigurationPlatforms) = postSolution
		{1AB1521D-07E5-4CCC-A7C9-03A661739C5F}.Debug|Any CPU.ActiveCfg = Debug|Any CPU
		{1AB1521D-07E5-4CCC-A7C9-03A661739C5F}.Debug|Any CPU.Build.0 = Debug|Any CPU
		{1AB1521D-07E5-4CCC-A7C9-03A661739C5F}.Release|Any CPU.ActiveCfg = Release|Any CPU
		{1AB1521D-07E5-4CCC-A7C9-03A661739C5F}.Release|Any CPU.Build.0 = Release|Any CPU
	EndGlobalSection
	GlobalSection(SolutionProperties) = preSolution
		HideSolutionNode = FALSE
	EndGlobalSection
	GlobalSection(ExtensibilityGlobals) = postSolution
		SolutionGuid = {CF627718-EAF8-4D40-B2E1-E2EE9636F93D}
	EndGlobalSection
EndGlobal
